
Microsoft Visual Studio Solution File, Format Version 12.00
# Visual Studio Version 17
VisualStudioVersion = 17.9.34728.123
MinimumVisualStudioVersion = 10.0.40219.1
Project("{9A19103F-16F7-4668-BE54-9A1E7A4F7556}") = "Bridger.Products.Api", "Bridger.Products.Api\Bridger.Products.Api.csproj", "{E6BE5E8D-D5D8-4C9C-A0B5-B787BE86A1CC}"
EndProject
Project("{2150E333-8FDC-42A3-9474-1A3956D46DE8}") = "1. Api", "1. Api", "{153854C5-6CA0-4F0E-9D00-1E93A4997F2F}"
EndProject
Project("{2150E333-8FDC-42A3-9474-1A3956D46DE8}") = "2. Application", "2. Application", "{C6D5D7B5-7529-4D63-AFEE-5BC8B50963EA}"
EndProject
Project("{2150E333-8FDC-42A3-9474-1A3956D46DE8}") = "3. Domain", "3. Domain", "{427AAA9E-A442-40F6-9AC1-4DA873496F9C}"
EndProject
Project("{2150E333-8FDC-42A3-9474-1A3956D46DE8}") = "4. Infra", "4. Infra", "{CAD0A3A7-BCF6-467C-8E6E-3152ECFEBB41}"
EndProject
Project("{2150E333-8FDC-42A3-9474-1A3956D46DE8}") = "4.1. Data", "4.1. Data", "{041B0E80-5F6E-43A3-8B38-C73CA80019D1}"
EndProject
Project("{2150E333-8FDC-42A3-9474-1A3956D46DE8}") = "4.2. IoC", "4.2. IoC", "{FC6640A7-8CCB-4BA0-BEE7-E3E2D5D5B8CF}"
EndProject
Project("{2150E333-8FDC-42A3-9474-1A3956D46DE8}") = "4.3. ExternalServices", "4.3. ExternalServices", "{D1603C82-94D3-43AC-8927-571922C6CAA8}"
EndProject
Project("{2150E333-8FDC-42A3-9474-1A3956D46DE8}") = "5. Tests", "5. Tests", "{6F3353BB-E819-4FDC-9A72-3D2D2C709DEC}"
EndProject
Project("{9A19103F-16F7-4668-BE54-9A1E7A4F7556}") = "Bridger.Products.Application", "Bridger.Products.Application\Bridger.Products.Application.csproj", "{3D149488-DBB4-4BED-9C08-D59489EF3EC1}"
EndProject
Project("{9A19103F-16F7-4668-BE54-9A1E7A4F7556}") = "Bridger.Products.Domain", "Bridger.Products.Domain\Bridger.Products.Domain.csproj", "{5A45FDA8-7956-4972-B21A-886264320900}"
EndProject
Project("{9A19103F-16F7-4668-BE54-9A1E7A4F7556}") = "Bridger.Products.Infra.Data", "Bridger.Products.Infra.Data\Bridger.Products.Infra.Data.csproj", "{F55E02BA-05CB-4BB8-81A3-F072003F09EC}"
EndProject
Project("{FAE04EC0-301F-11D3-BF4B-00C04F79EFBC}") = "Bridger.Products.Infra.IoC", "Bridger.Products.Infra.IoC\Bridger.Products.Infra.IoC.csproj", "{A70E652D-8BE0-4E44-9003-E4BE59AA5B1A}"
EndProject
Project("{FAE04EC0-301F-11D3-BF4B-00C04F79EFBC}") = "Bridger.Products.Infra.ExternalServices", "Bridger.Products.Infra.ExternalServices\Bridger.Products.Infra.ExternalServices.csproj", "{F2BE629B-C1CC-4F51-A30A-3B9AF3E014EF}"
EndProject
Project("{FAE04EC0-301F-11D3-BF4B-00C04F79EFBC}") = "Bridger.Products.Tests", "Bridger.Products.Tests\Bridger.Products.Tests.csproj", "{CD58D2FA-E8A7-4D83-96E4-3B7A735236B1}"
EndProject
Global
	GlobalSection(SolutionConfigurationPlatforms) = preSolution
		Debug|Any CPU = Debug|Any CPU
		Release|Any CPU = Release|Any CPU
	EndGlobalSection
	GlobalSection(ProjectConfigurationPlatforms) = postSolution
		{E6BE5E8D-D5D8-4C9C-A0B5-B787BE86A1CC}.Debug|Any CPU.ActiveCfg = Debug|Any CPU
		{E6BE5E8D-D5D8-4C9C-A0B5-B787BE86A1CC}.Debug|Any CPU.Build.0 = Debug|Any CPU
		{E6BE5E8D-D5D8-4C9C-A0B5-B787BE86A1CC}.Release|Any CPU.ActiveCfg = Release|Any CPU
		{E6BE5E8D-D5D8-4C9C-A0B5-B787BE86A1CC}.Release|Any CPU.Build.0 = Release|Any CPU
		{3D149488-DBB4-4BED-9C08-D59489EF3EC1}.Debug|Any CPU.ActiveCfg = Debug|Any CPU
		{3D149488-DBB4-4BED-9C08-D59489EF3EC1}.Debug|Any CPU.Build.0 = Debug|Any CPU
		{3D149488-DBB4-4BED-9C08-D59489EF3EC1}.Release|Any CPU.ActiveCfg = Release|Any CPU
		{3D149488-DBB4-4BED-9C08-D59489EF3EC1}.Release|Any CPU.Build.0 = Release|Any CPU
		{5A45FDA8-7956-4972-B21A-886264320900}.Debug|Any CPU.ActiveCfg = Debug|Any CPU
		{5A45FDA8-7956-4972-B21A-886264320900}.Debug|Any CPU.Build.0 = Debug|Any CPU
		{5A45FDA8-7956-4972-B21A-886264320900}.Release|Any CPU.ActiveCfg = Release|Any CPU
		{5A45FDA8-7956-4972-B21A-886264320900}.Release|Any CPU.Build.0 = Release|Any CPU
		{F55E02BA-05CB-4BB8-81A3-F072003F09EC}.Debug|Any CPU.ActiveCfg = Debug|Any CPU
		{F55E02BA-05CB-4BB8-81A3-F072003F09EC}.Debug|Any CPU.Build.0 = Debug|Any CPU
		{F55E02BA-05CB-4BB8-81A3-F072003F09EC}.Release|Any CPU.ActiveCfg = Release|Any CPU
		{F55E02BA-05CB-4BB8-81A3-F072003F09EC}.Release|Any CPU.Build.0 = Release|Any CPU
		{A70E652D-8BE0-4E44-9003-E4BE59AA5B1A}.Debug|Any CPU.ActiveCfg = Debug|Any CPU
		{A70E652D-8BE0-4E44-9003-E4BE59AA5B1A}.Debug|Any CPU.Build.0 = Debug|Any CPU
		{A70E652D-8BE0-4E44-9003-E4BE59AA5B1A}.Release|Any CPU.ActiveCfg = Release|Any CPU
		{A70E652D-8BE0-4E44-9003-E4BE59AA5B1A}.Release|Any CPU.Build.0 = Release|Any CPU
		{F2BE629B-C1CC-4F51-A30A-3B9AF3E014EF}.Debug|Any CPU.ActiveCfg = Debug|Any CPU
		{F2BE629B-C1CC-4F51-A30A-3B9AF3E014EF}.Debug|Any CPU.Build.0 = Debug|Any CPU
		{F2BE629B-C1CC-4F51-A30A-3B9AF3E014EF}.Release|Any CPU.ActiveCfg = Release|Any CPU
		{F2BE629B-C1CC-4F51-A30A-3B9AF3E014EF}.Release|Any CPU.Build.0 = Release|Any CPU
		{CD58D2FA-E8A7-4D83-96E4-3B7A735236B1}.Debug|Any CPU.ActiveCfg = Debug|Any CPU
		{CD58D2FA-E8A7-4D83-96E4-3B7A735236B1}.Debug|Any CPU.Build.0 = Debug|Any CPU
		{CD58D2FA-E8A7-4D83-96E4-3B7A735236B1}.Release|Any CPU.ActiveCfg = Release|Any CPU
		{CD58D2FA-E8A7-4D83-96E4-3B7A735236B1}.Release|Any CPU.Build.0 = Release|Any CPU
	EndGlobalSection
	GlobalSection(SolutionProperties) = preSolution
		HideSolutionNode = FALSE
	EndGlobalSection
	GlobalSection(NestedProjects) = preSolution
		{E6BE5E8D-D5D8-4C9C-A0B5-B787BE86A1CC} = {153854C5-6CA0-4F0E-9D00-1E93A4997F2F}
		{041B0E80-5F6E-43A3-8B38-C73CA80019D1} = {CAD0A3A7-BCF6-467C-8E6E-3152ECFEBB41}
		{FC6640A7-8CCB-4BA0-BEE7-E3E2D5D5B8CF} = {CAD0A3A7-BCF6-467C-8E6E-3152ECFEBB41}
		{D1603C82-94D3-43AC-8927-571922C6CAA8} = {CAD0A3A7-BCF6-467C-8E6E-3152ECFEBB41}
		{3D149488-DBB4-4BED-9C08-D59489EF3EC1} = {C6D5D7B5-7529-4D63-AFEE-5BC8B50963EA}
		{5A45FDA8-7956-4972-B21A-886264320900} = {427AAA9E-A442-40F6-9AC1-4DA873496F9C}
		{F55E02BA-05CB-4BB8-81A3-F072003F09EC} = {041B0E80-5F6E-43A3-8B38-C73CA80019D1}
		{A70E652D-8BE0-4E44-9003-E4BE59AA5B1A} = {FC6640A7-8CCB-4BA0-BEE7-E3E2D5D5B8CF}
		{F2BE629B-C1CC-4F51-A30A-3B9AF3E014EF} = {D1603C82-94D3-43AC-8927-571922C6CAA8}
		{CD58D2FA-E8A7-4D83-96E4-3B7A735236B1} = {6F3353BB-E819-4FDC-9A72-3D2D2C709DEC}
	EndGlobalSection
	GlobalSection(ExtensibilityGlobals) = postSolution
		SolutionGuid = {29320614-F57C-46B4-9978-131E06F81BB8}
	EndGlobalSection
EndGlobal
